github.com/DHowett/go-plist v0.0.0-20180609054337-500bd5b9081b h1:WFNhl1+1ofCWWdNFEhut77cmuMXjJYYvkEVloDdaUCI=
github.com/DHowett/go-plist v0.0.0-20180609054337-500bd5b9081b/go.mod h1:5paT5ZDrOm8eAJPem2Bd+q3FTi3Gxm/U4tb2tH8YIUQ=
github.com/jessevdk/go-flags v1.4.0/go.mod h1:4FA24M0QyGHXBuZZK/XkWh8h0e1EYbRYJSGM75WSRxI=
golang.org/x/net v0.0.0-20180627171509-e514e69ffb8b h1:oXs/nlnyk1ue6g+mFGEHIuIaQIT28IgumdSIRMq2aJY=
golang.org/x/net v0.0.0-20180627171509-e514e69ffb8b/go.mod h1:mL1N/T3taQHkDXs73rZJwtUhF3w3ftmwwsq0BUmARs4=
golang.org/x/text v0.3.8 h1:nAL+RVCQ9uMn3vJZbV+MRnydTJFPf8qqY42YiA6MrqY=
golang.org/x/text v0.3.8/go.mod h1:E6s5w1FMmriuDzIBO73fBruAKo1PCIq6d2Q6DHfQ8WQ=
gopkg.in/check.v1 v0.0.0-20161208181325-20d25e280405/go.mod h1:Co6ibVJAznAaIkqp8huTwlJQCZ016jof/cbN4VW5Yz0=
gopkg.in/yaml.v1 v1.0.0-20140924161607-9f9df34309c0/go.mod h1:WDnlLJ4WF5VGsH/HVa3CI79GS0ol3YnhVnKP89i0kNg=
howett.net/plist v1.0.0 h1:7CrbWYbPPO/PyNy38b2EB/+gYbjCe2DXBxgtOOZbSQM=
howett.net/plist v1.0.0/go.mod h1:lqaXoTrLY4hg8tnEzNru53gicrbv7rrk+2xJA/7hw9g=
software.sslmate.com/src/go-pkcs12 v0.0.0-20180114231543-2291e8f0f237 h1:iAEkCBPbRaflBgZ7o9gjVUuWuvWeV4sytFWg9o+Pj2k=
software.sslmate.com/src/go-pkcs12 v0.0.0-20180114231543-2291e8f0f237/go.mod h1:/xvNRWUqm0+/ZMiF4EX00vrSCMsE4/NHb+Pt3freEeQ=
